
Microsoft Visual Studio Solution File, Format Version 12.00
# Visual Studio 2012
Project("{FAE04EC0-301F-11D3-BF4B-00C04F79EFBC}") = "Svetosavlje", "Web\Svetosavlje\Svetosavlje.csproj", "{1336F9B6-D404-4884-BE7C-7F8BF96F0BA4}"
EndProject
Project("{FAE04EC0-301F-11D3-BF4B-00C04F79EFBC}") = "Svetosavlje.Tests", "Web\Svetosavlje.Tests\Svetosavlje.Tests.csproj", "{F0F02D92-AFD9-447A-B89C-BD4F1E40B4C3}"
EndProject
Project("{2150E333-8FDC-42A3-9474-1A3956D46DE8}") = "Data_Layer", "Data_Layer", "{41505981-F1A7-419A-B5A3-168BCD6BB6F9}"
EndProject
Project("{2150E333-8FDC-42A3-9474-1A3956D46DE8}") = "Services", "Services", "{BA10A77F-BAE2-4D21-9B5C-0E9793A5BE52}"
EndProject
Project("{FAE04EC0-301F-11D3-BF4B-00C04F79EFBC}") = "Svetosavlje.Services", "Services\Svetosavlje.Services\Svetosavlje.Services.csproj", "{59484584-502F-492A-9368-4C1FC95689D3}"
EndProject
Project("{FAE04EC0-301F-11D3-BF4B-00C04F79EFBC}") = "Svetosavlje.Data_Layer", "Data_Layer\Svetosavlje.Data_Layer\Svetosavlje.Data_Layer.csproj", "{D45DC115-0724-415C-86FB-825BFA06D571}"
EndProject
Project("{FAE04EC0-301F-11D3-BF4B-00C04F79EFBC}") = "Svetosavlje.Interfaces", "Data_Layer\Svetosavlje.Interfaces\Svetosavlje.Interfaces.csproj", "{BAF057B6-C366-4F97-A888-A2E5F30BBED5}"
EndProject
Global
	GlobalSection(SolutionConfigurationPlatforms) = preSolution
		Debug|Any CPU = Debug|Any CPU
		Release|Any CPU = Release|Any CPU
	EndGlobalSection
	GlobalSection(ProjectConfigurationPlatforms) = postSolution
		{1336F9B6-D404-4884-BE7C-7F8BF96F0BA4}.Debug|Any CPU.ActiveCfg = Debug|Any CPU
		{1336F9B6-D404-4884-BE7C-7F8BF96F0BA4}.Debug|Any CPU.Build.0 = Debug|Any CPU
		{1336F9B6-D404-4884-BE7C-7F8BF96F0BA4}.Release|Any CPU.ActiveCfg = Release|Any CPU
		{1336F9B6-D404-4884-BE7C-7F8BF96F0BA4}.Release|Any CPU.Build.0 = Release|Any CPU
		{F0F02D92-AFD9-447A-B89C-BD4F1E40B4C3}.Debug|Any CPU.ActiveCfg = Debug|Any CPU
		{F0F02D92-AFD9-447A-B89C-BD4F1E40B4C3}.Debug|Any CPU.Build.0 = Debug|Any CPU
		{F0F02D92-AFD9-447A-B89C-BD4F1E40B4C3}.Release|Any CPU.ActiveCfg = Release|Any CPU
		{F0F02D92-AFD9-447A-B89C-BD4F1E40B4C3}.Release|Any CPU.Build.0 = Release|Any CPU
		{59484584-502F-492A-9368-4C1FC95689D3}.Debug|Any CPU.ActiveCfg = Debug|Any CPU
		{59484584-502F-492A-9368-4C1FC95689D3}.Debug|Any CPU.Build.0 = Debug|Any CPU
		{59484584-502F-492A-9368-4C1FC95689D3}.Release|Any CPU.ActiveCfg = Release|Any CPU
		{59484584-502F-492A-9368-4C1FC95689D3}.Release|Any CPU.Build.0 = Release|Any CPU
		{D45DC115-0724-415C-86FB-825BFA06D571}.Debug|Any CPU.ActiveCfg = Debug|Any CPU
		{D45DC115-0724-415C-86FB-825BFA06D571}.Debug|Any CPU.Build.0 = Debug|Any CPU
		{D45DC115-0724-415C-86FB-825BFA06D571}.Release|Any CPU.ActiveCfg = Release|Any CPU
		{D45DC115-0724-415C-86FB-825BFA06D571}.Release|Any CPU.Build.0 = Release|Any CPU
		{BAF057B6-C366-4F97-A888-A2E5F30BBED5}.Debug|Any CPU.ActiveCfg = Debug|Any CPU
		{BAF057B6-C366-4F97-A888-A2E5F30BBED5}.Debug|Any CPU.Build.0 = Debug|Any CPU
		{BAF057B6-C366-4F97-A888-A2E5F30BBED5}.Release|Any CPU.ActiveCfg = Release|Any CPU
		{BAF057B6-C366-4F97-A888-A2E5F30BBED5}.Release|Any CPU.Build.0 = Release|Any CPU
	EndGlobalSection
	GlobalSection(SolutionProperties) = preSolution
		HideSolutionNode = FALSE
	EndGlobalSection
	GlobalSection(NestedProjects) = preSolution
		{D45DC115-0724-415C-86FB-825BFA06D571} = {41505981-F1A7-419A-B5A3-168BCD6BB6F9}
		{BAF057B6-C366-4F97-A888-A2E5F30BBED5} = {41505981-F1A7-419A-B5A3-168BCD6BB6F9}
		{59484584-502F-492A-9368-4C1FC95689D3} = {BA10A77F-BAE2-4D21-9B5C-0E9793A5BE52}
	EndGlobalSection
EndGlobal
